
Microsoft Visual Studio Solution File, Format Version 12.00
Project("{FAE04EC0-301F-11D3-BF4B-00C04F79EFBC}") = "leetcode-problems", "leetcode-problems\leetcode-problems.csproj", "{899668F5-7C95-4531-AE70-E3F16D450B2A}"
EndProject
Project("{FAE04EC0-301F-11D3-BF4B-00C04F79EFBC}") = "leetcode-tests", "leetcode-tests\leetcode-tests.csproj", "{73A630C4-1F8F-4111-8851-A4CEA20E6E0A}"
EndProject
Global
	GlobalSection(SolutionConfigurationPlatforms) = preSolution
		Debug|Any CPU = Debug|Any CPU
		Release|Any CPU = Release|Any CPU
	EndGlobalSection
	GlobalSection(ProjectConfigurationPlatforms) = postSolution
		{899668F5-7C95-4531-AE70-E3F16D450B2A}.Debug|Any CPU.ActiveCfg = Debug|Any CPU
		{899668F5-7C95-4531-AE70-E3F16D450B2A}.Debug|Any CPU.Build.0 = Debug|Any CPU
		{899668F5-7C95-4531-AE70-E3F16D450B2A}.Release|Any CPU.ActiveCfg = Release|Any CPU
		{899668F5-7C95-4531-AE70-E3F16D450B2A}.Release|Any CPU.Build.0 = Release|Any CPU
		{73A630C4-1F8F-4111-8851-A4CEA20E6E0A}.Debug|Any CPU.ActiveCfg = Debug|Any CPU
		{73A630C4-1F8F-4111-8851-A4CEA20E6E0A}.Debug|Any CPU.Build.0 = Debug|Any CPU
		{73A630C4-1F8F-4111-8851-A4CEA20E6E0A}.Release|Any CPU.ActiveCfg = Release|Any CPU
		{73A630C4-1F8F-4111-8851-A4CEA20E6E0A}.Release|Any CPU.Build.0 = Release|Any CPU
	EndGlobalSection
EndGlobal
